// !$*UTF8*$!
{
	archiveVersion = 1;
	classes = {
	};
	objectVersion = 50;
	objects = {

/* Begin PBXBuildFile section */
		16428AAD2143221B0077E416 /* AppDelegate.swift in Sources */ = {isa = PBXBuildFile; fileRef = 16428AAC2143221B0077E416 /* AppDelegate.swift */; };
		16428AAF2143221B0077E416 /* ViewController.swift in Sources */ = {isa = PBXBuildFile; fileRef = 16428AAE2143221B0077E416 /* ViewController.swift */; };
		16428AB22143221B0077E416 /* Main.storyboard in Resources */ = {isa = PBXBuildFile; fileRef = 16428AB02143221B0077E416 /* Main.storyboard */; };
		16428AB42143221C0077E416 /* Assets.xcassets in Resources */ = {isa = PBXBuildFile; fileRef = 16428AB32143221C0077E416 /* Assets.xcassets */; };
		16428AB72143221C0077E416 /* LaunchScreen.storyboard in Resources */ = {isa = PBXBuildFile; fileRef = 16428AB52143221C0077E416 /* LaunchScreen.storyboard */; };
		16428AC22143221C0077E416 /* YakFishman_Lab1Tests.swift in Sources */ = {isa = PBXBuildFile; fileRef = 16428AC12143221C0077E416 /* YakFishman_Lab1Tests.swift */; };
		16428ACD2143221C0077E416 /* YakFishman_Lab1UITests.swift in Sources */ = {isa = PBXBuildFile; fileRef = 16428ACC2143221C0077E416 /* YakFishman_Lab1UITests.swift */; };
/* End PBXBuildFile section */

/* Begin PBXContainerItemProxy section */
		16428ABE2143221C0077E416 /* PBXContainerItemProxy */ = {
			isa = PBXContainerItemProxy;
			containerPortal = 16428AA12143221B0077E416 /* Project object */;
			proxyType = 1;
			remoteGlobalIDString = 16428AA82143221B0077E416;
			remoteInfo = "YakFishman-Lab1";
		};
		16428AC92143221C0077E416 /* PBXContainerItemProxy */ = {
			isa = PBXContainerItemProxy;
			containerPortal = 16428AA12143221B0077E416 /* Project object */;
			proxyType = 1;
			remoteGlobalIDString = 16428AA82143221B0077E416;
			remoteInfo = "YakFishman-Lab1";
		};
/* End PBXContainerItemProxy section */

/* Begin PBXFileReference section */
		16428AA92143221B0077E416 /* YakFishman-Lab1.app */ = {isa = PBXFileReference; explicitFileType = wrapper.application; includeInIndex = 0; path = "YakFishman-Lab1.app"; sourceTree = BUILT_PRODUCTS_DIR; };
		16428AAC2143221B0077E416 /* AppDelegate.swift */ = {isa = PBXFileReference; lastKnownFileType = sourcecode.swift; path = AppDelegate.swift; sourceTree = "<group>"; };
		16428AAE2143221B0077E416 /* ViewController.swift */ = {isa = PBXFileReference; lastKnownFileType = sourcecode.swift; path = ViewController.swift; sourceTree = "<group>"; };
		16428AB12143221B0077E416 /* Base */ = {isa = PBXFileReference; lastKnownFileType = file.storyboard; name = Base; path = Base.lproj/Main.storyboard; sourceTree = "<group>"; };
		16428AB32143221C0077E416 /* Assets.xcassets */ = {isa = PBXFileReference; lastKnownFileType = folder.assetcatalog; path = Assets.xcassets; sourceTree = "<group>"; };
		16428AB62143221C0077E416 /* Base */ = {isa = PBXFileReference; lastKnownFileType = file.storyboard; name = Base; path = Base.lproj/LaunchScreen.storyboard; sourceTree = "<group>"; };
		16428AB82143221C0077E416 /* Info.plist */ = {isa = PBXFileReference; lastKnownFileType = text.plist.xml; path = Info.plist; sourceTree = "<group>"; };
		16428ABD2143221C0077E416 /* YakFishman-Lab1Tests.xctest */ = {isa = PBXFileReference; explicitFileType = wrapper.cfbundle; includeInIndex = 0; path = "YakFishman-Lab1Tests.xctest"; sourceTree = BUILT_PRODUCTS_DIR; };
		16428AC12143221C0077E416 /* YakFishman_Lab1Tests.swift */ = {isa = PBXFileReference; lastKnownFileType = sourcecode.swift; path = YakFishman_Lab1Tests.swift; sourceTree = "<group>"; };
		16428AC32143221C0077E416 /* Info.plist */ = {isa = PBXFileReference; lastKnownFileType = text.plist.xml; path = Info.plist; sourceTree = "<group>"; };
		16428AC82143221C0077E416 /* YakFishman-Lab1UITests.xctest */ = {isa = PBXFileReference; explicitFileType = wrapper.cfbundle; includeInIndex = 0; path = "YakFishman-Lab1UITests.xctest"; sourceTree = BUILT_PRODUCTS_DIR; };
		16428ACC2143221C0077E416 /* YakFishman_Lab1UITests.swift */ = {isa = PBXFileReference; lastKnownFileType = sourcecode.swift; path = YakFishman_Lab1UITests.swift; sourceTree = "<group>"; };
		16428ACE2143221C0077E416 /* Info.plist */ = {isa = PBXFileReference; lastKnownFileType = text.plist.xml; path = Info.plist; sourceTree = "<group>"; };
/* End PBXFileReference section */

/* Begin PBXFrameworksBuildPhase section */
		16428AA62143221B0077E416 /* Frameworks */ = {
			isa = PBXFrameworksBuildPhase;
			buildActionMask = 2147483647;
			files = (
			);
			runOnlyForDeploymentPostprocessing = 0;
		};
		16428ABA2143221C0077E416 /* Frameworks */ = {
			isa = PBXFrameworksBuildPhase;
			buildActionMask = 2147483647;
			files = (
			);
			runOnlyForDeploymentPostprocessing = 0;
		};
		16428AC52143221C0077E416 /* Frameworks */ = {
			isa = PBXFrameworksBuildPhase;
			buildActionMask = 2147483647;
			files = (
			);
			runOnlyForDeploymentPostprocessing = 0;
		};
/* End PBXFrameworksBuildPhase section */

/* Begin PBXGroup section */
		16428AA02143221B0077E416 = {
			isa = PBXGroup;
			children = (
				16428AAB2143221B0077E416 /* YakFishman-Lab1 */,
				16428AC02143221C0077E416 /* YakFishman-Lab1Tests */,
				16428ACB2143221C0077E416 /* YakFishman-Lab1UITests */,
				16428AAA2143221B0077E416 /* Products */,
			);
			sourceTree = "<group>";
		};
		16428AAA2143221B0077E416 /* Products */ = {
			isa = PBXGroup;
			children = (
				16428AA92143221B0077E416 /* YakFishman-Lab1.app */,
				16428ABD2143221C0077E416 /* YakFishman-Lab1Tests.xctest */,
				16428AC82143221C0077E416 /* YakFishman-Lab1UITests.xctest */,
			);
			name = Products;
			sourceTree = "<group>";
		};
		16428AAB2143221B0077E416 /* YakFishman-Lab1 */ = {
			isa = PBXGroup;
			children = (
				16428AAC2143221B0077E416 /* AppDelegate.swift */,
				16428AAE2143221B0077E416 /* ViewController.swift */,
				16428AB02143221B0077E416 /* Main.storyboard */,
				16428AB32143221C0077E416 /* Assets.xcassets */,
				16428AB52143221C0077E416 /* LaunchScreen.storyboard */,
				16428AB82143221C0077E416 /* Info.plist */,
			);
			path = "YakFishman-Lab1";
			sourceTree = "<group>";
		};
		16428AC02143221C0077E416 /* YakFishman-Lab1Tests */ = {
			isa = PBXGroup;
			children = (
				16428AC12143221C0077E416 /* YakFishman_Lab1Tests.swift */,
				16428AC32143221C0077E416 /* Info.plist */,
			);
			path = "YakFishman-Lab1Tests";
			sourceTree = "<group>";
		};
		16428ACB2143221C0077E416 /* YakFishman-Lab1UITests */ = {
			isa = PBXGroup;
			children = (
				16428ACC2143221C0077E416 /* YakFishman_Lab1UITests.swift */,
				16428ACE2143221C0077E416 /* Info.plist */,
			);
			path = "YakFishman-Lab1UITests";
			sourceTree = "<group>";
		};
/* End PBXGroup section */

/* Begin PBXNativeTarget section */
		16428AA82143221B0077E416 /* YakFishman-Lab1 */ = {
			isa = PBXNativeTarget;
			buildConfigurationList = 16428AD12143221C0077E416 /* Build configuration list for PBXNativeTarget "YakFishman-Lab1" */;
			buildPhases = (
				16428AA52143221B0077E416 /* Sources */,
				16428AA62143221B0077E416 /* Frameworks */,
				16428AA72143221B0077E416 /* Resources */,
			);
			buildRules = (
			);
			dependencies = (
			);
			name = "YakFishman-Lab1";
			productName = "YakFishman-Lab1";
			productReference = 16428AA92143221B0077E416 /* YakFishman-Lab1.app */;
			productType = "com.apple.product-type.application";
		};
		16428ABC2143221C0077E416 /* YakFishman-Lab1Tests */ = {
			isa = PBXNativeTarget;
			buildConfigurationList = 16428AD42143221C0077E416 /* Build configuration list for PBXNativeTarget "YakFishman-Lab1Tests" */;
			buildPhases = (
				16428AB92143221C0077E416 /* Sources */,
				16428ABA2143221C0077E416 /* Frameworks */,
				16428ABB2143221C0077E416 /* Resources */,
			);
			buildRules = (
			);
			dependencies = (
				16428ABF2143221C0077E416 /* PBXTargetDependency */,
			);
			name = "YakFishman-Lab1Tests";
			productName = "YakFishman-Lab1Tests";
			productReference = 16428ABD2143221C0077E416 /* YakFishman-Lab1Tests.xctest */;
			productType = "com.apple.product-type.bundle.unit-test";
		};
		16428AC72143221C0077E416 /* YakFishman-Lab1UITests */ = {
			isa = PBXNativeTarget;
			buildConfigurationList = 16428AD72143221C0077E416 /* Build configuration list for PBXNativeTarget "YakFishman-Lab1UITests" */;
			buildPhases = (
				16428AC42143221C0077E416 /* Sources */,
				16428AC52143221C0077E416 /* Frameworks */,
				16428AC62143221C0077E416 /* Resources */,
			);
			buildRules = (
			);
			dependencies = (
				16428ACA2143221C0077E416 /* PBXTargetDependency */,
			);
			name = "YakFishman-Lab1UITests";
			productName = "YakFishman-Lab1UITests";
			productReference = 16428AC82143221C0077E416 /* YakFishman-Lab1UITests.xctest */;
			productType = "com.apple.product-type.bundle.ui-testing";
		};
/* End PBXNativeTarget section */

/* Begin PBXProject section */
		16428AA12143221B0077E416 /* Project object */ = {
			isa = PBXProject;
			attributes = {
				LastSwiftUpdateCheck = 0940;
				LastUpgradeCheck = 0940;
				ORGANIZATIONNAME = "Yak Fishman";
				TargetAttributes = {
					16428AA82143221B0077E416 = {
						CreatedOnToolsVersion = 9.4;
					};
					16428ABC2143221C0077E416 = {
						CreatedOnToolsVersion = 9.4;
						TestTargetID = 16428AA82143221B0077E416;
					};
					16428AC72143221C0077E416 = {
						CreatedOnToolsVersion = 9.4;
						TestTargetID = 16428AA82143221B0077E416;
					};
				};
			};
			buildConfigurationList = 16428AA42143221B0077E416 /* Build configuration list for PBXProject "YakFishman-Lab1" */;
			compatibilityVersion = "Xcode 9.3";
			developmentRegion = en;
			hasScannedForEncodings = 0;
			knownRegions = (
				en,
				Base,
			);
			mainGroup = 16428AA02143221B0077E416;
			productRefGroup = 16428AAA2143221B0077E416 /* Products */;
			projectDirPath = "";
			projectRoot = "";
			targets = (
				16428AA82143221B0077E416 /* YakFishman-Lab1 */,
				16428ABC2143221C0077E416 /* YakFishman-Lab1Tests */,
				16428AC72143221C0077E416 /* YakFishman-Lab1UITests */,
			);
		};
/* End PBXProject section */

/* Begin PBXResourcesBuildPhase section */
		16428AA72143221B0077E416 /* Resources */ = {
			isa = PBXResourcesBuildPhase;
			buildActionMask = 2147483647;
			files = (
				16428AB72143221C0077E416 /* LaunchScreen.storyboard in Resources */,
				16428AB42143221C0077E416 /* Assets.xcassets in Resources */,
				16428AB22143221B0077E416 /* Main.storyboard in Resources */,
			);
			runOnlyForDeploymentPostprocessing = 0;
		};
		16428ABB2143221C0077E416 /* Resources */ = {
			isa = PBXResourcesBuildPhase;
			buildActionMask = 2147483647;
			files = (
			);
			runOnlyForDeploymentPostprocessing = 0;
		};
		16428AC62143221C0077E416 /* Resources */ = {
			isa = PBXResourcesBuildPhase;
			buildActionMask = 2147483647;
			files = (
			);
			runOnlyForDeploymentPostprocessing = 0;
		};
/* End PBXResourcesBuildPhase section */

/* Begin PBXSourcesBuildPhase section */
		16428AA52143221B0077E416 /* Sources */ = {
			isa = PBXSourcesBuildPhase;
			buildActionMask = 2147483647;
			files = (
				16428AAF2143221B0077E416 /* ViewController.swift in Sources */,
				16428AAD2143221B0077E416 /* AppDelegate.swift in Sources */,
			);
			runOnlyForDeploymentPostprocessing = 0;
		};
		16428AB92143221C0077E416 /* Sources */ = {
			isa = PBXSourcesBuildPhase;
			buildActionMask = 2147483647;
			files = (
				16428AC22143221C0077E416 /* YakFishman_Lab1Tests.swift in Sources */,
			);
			runOnlyForDeploymentPostprocessing = 0;
		};
		16428AC42143221C0077E416 /* Sources */ = {
			isa = PBXSourcesBuildPhase;
			buildActionMask = 2147483647;
			files = (
				16428ACD2143221C0077E416 /* YakFishman_Lab1UITests.swift in Sources */,
			);
			runOnlyForDeploymentPostprocessing = 0;
		};
/* End PBXSourcesBuildPhase section */

/* Begin PBXTargetDependency section */
		16428ABF2143221C0077E416 /* PBXTargetDependency */ = {
			isa = PBXTargetDependency;
			target = 16428AA82143221B0077E416 /* YakFishman-Lab1 */;
			targetProxy = 16428ABE2143221C0077E416 /* PBXContainerItemProxy */;
		};
		16428ACA2143221C0077E416 /* PBXTargetDependency */ = {
			isa = PBXTargetDependency;
			target = 16428AA82143221B0077E416 /* YakFishman-Lab1 */;
			targetProxy = 16428AC92143221C0077E416 /* PBXContainerItemProxy */;
		};
/* End PBXTargetDependency section */

/* Begin PBXVariantGroup section */
		16428AB02143221B0077E416 /* Main.storyboard */ = {
			isa = PBXVariantGroup;
			children = (
				16428AB12143221B0077E416 /* Base */,
			);
			name = Main.storyboard;
			sourceTree = "<group>";
		};
		16428AB52143221C0077E416 /* LaunchScreen.storyboard */ = {
			isa = PBXVariantGroup;
			children = (
				16428AB62143221C0077E416 /* Base */,
			);
			name = LaunchScreen.storyboard;
			sourceTree = "<group>";
		};
/* End PBXVariantGroup section */

/* Begin XCBuildConfiguration section */
		16428ACF2143221C0077E416 /* Debug */ = {
			isa = XCBuildConfiguration;
			buildSettings = {
				ALWAYS_SEARCH_USER_PATHS = NO;
				CLANG_ANALYZER_NONNULL = YES;
				CLANG_ANALYZER_NUMBER_OBJECT_CONVERSION = YES_AGGRESSIVE;
				CLANG_CXX_LANGUAGE_STANDARD = "gnu++14";
				CLANG_CXX_LIBRARY = "libc++";
				CLANG_ENABLE_MODULES = YES;
				CLANG_ENABLE_OBJC_ARC = YES;
				CLANG_ENABLE_OBJC_WEAK = YES;
				CLANG_WARN_BLOCK_CAPTURE_AUTORELEASING = YES;
				CLANG_WARN_BOOL_CONVERSION = YES;
				CLANG_WARN_COMMA = YES;
				CLANG_WARN_CONSTANT_CONVERSION = YES;
				CLANG_WARN_DEPRECATED_OBJC_IMPLEMENTATIONS = YES;
				CLANG_WARN_DIRECT_OBJC_ISA_USAGE = YES_ERROR;
				CLANG_WARN_DOCUMENTATION_COMMENTS = YES;
				CLANG_WARN_EMPTY_BODY = YES;
				CLANG_WARN_ENUM_CONVERSION = YES;
				CLANG_WARN_INFINITE_RECURSION = YES;
				CLANG_WARN_INT_CONVERSION = YES;
				CLANG_WARN_NON_LITERAL_NULL_CONVERSION = YES;
				CLANG_WARN_OBJC_IMPLICIT_RETAIN_SELF = YES;
				CLANG_WARN_OBJC_LITERAL_CONVERSION = YES;
				CLANG_WARN_OBJC_ROOT_CLASS = YES_ERROR;
				CLANG_WARN_RANGE_LOOP_ANALYSIS = YES;
				CLANG_WARN_STRICT_PROTOTYPES = YES;
				CLANG_WARN_SUSPICIOUS_MOVE = YES;
				CLANG_WARN_UNGUARDED_AVAILABILITY = YES_AGGRESSIVE;
				CLANG_WARN_UNREACHABLE_CODE = YES;
				CLANG_WARN__DUPLICATE_METHOD_MATCH = YES;
				CODE_SIGN_IDENTITY = "iPhone Developer";
				COPY_PHASE_STRIP = NO;
				DEBUG_INFORMATION_FORMAT = dwarf;
				ENABLE_STRICT_OBJC_MSGSEND = YES;
				ENABLE_TESTABILITY = YES;
				GCC_C_LANGUAGE_STANDARD = gnu11;
				GCC_DYNAMIC_NO_PIC = NO;
				GCC_NO_COMMON_BLOCKS = YES;
				GCC_OPTIMIZATION_LEVEL = 0;
				GCC_PREPROCESSOR_DEFINITIONS = (
					"DEBUG=1",
					"$(inherited)",
				);
				GCC_WARN_64_TO_32_BIT_CONVERSION = YES;
				GCC_WARN_ABOUT_RETURN_TYPE = YES_ERROR;
				GCC_WARN_UNDECLARED_SELECTOR = YES;
				GCC_WARN_UNINITIALIZED_AUTOS = YES_AGGRESSIVE;
				GCC_WARN_UNUSED_FUNCTION = YES;
				GCC_WARN_UNUSED_VARIABLE = YES;
				IPHONEOS_DEPLOYMENT_TARGET = 11.4;
				MTL_ENABLE_DEBUG_INFO = YES;
				ONLY_ACTIVE_ARCH = YES;
				SDKROOT = iphoneos;
				SWIFT_ACTIVE_COMPILATION_CONDITIONS = DEBUG;
				SWIFT_OPTIMIZATION_LEVEL = "-Onone";
			};
			name = Debug;
		};
		16428AD02143221C0077E416 /* Release */ = {
			isa = XCBuildConfiguration;
			buildSettings = {
				ALWAYS_SEARCH_USER_PATHS = NO;
				CLANG_ANALYZER_NONNULL = YES;
				CLANG_ANALYZER_NUMBER_OBJECT_CONVERSION = YES_AGGRESSIVE;
				CLANG_CXX_LANGUAGE_STANDARD = "gnu++14";
				CLANG_CXX_LIBRARY = "libc++";
				CLANG_ENABLE_MODULES = YES;
				CLANG_ENABLE_OBJC_ARC = YES;
				CLANG_ENABLE_OBJC_WEAK = YES;
				CLANG_WARN_BLOCK_CAPTURE_AUTORELEASING = YES;
				CLANG_WARN_BOOL_CONVERSION = YES;
				CLANG_WARN_COMMA = YES;
				CLANG_WARN_CONSTANT_CONVERSION = YES;
				CLANG_WARN_DEPRECATED_OBJC_IMPLEMENTATIONS = YES;
				CLANG_WARN_DIRECT_OBJC_ISA_USAGE = YES_ERROR;
				CLANG_WARN_DOCUMENTATION_COMMENTS = YES;
				CLANG_WARN_EMPTY_BODY = YES;
				CLANG_WARN_ENUM_CONVERSION = YES;
				CLANG_WARN_INFINITE_RECURSION = YES;
				CLANG_WARN_INT_CONVERSION = YES;
				CLANG_WARN_NON_LITERAL_NULL_CONVERSION = YES;
				CLANG_WARN_OBJC_IMPLICIT_RETAIN_SELF = YES;
				CLANG_WARN_OBJC_LITERAL_CONVERSION = YES;
				CLANG_WARN_OBJC_ROOT_CLASS = YES_ERROR;
				CLANG_WARN_RANGE_LOOP_ANALYSIS = YES;
				CLANG_WARN_STRICT_PROTOTYPES = YES;
				CLANG_WARN_SUSPICIOUS_MOVE = YES;
				CLANG_WARN_UNGUARDED_AVAILABILITY = YES_AGGRESSIVE;
				CLANG_WARN_UNREACHABLE_CODE = YES;
				CLANG_WARN__DUPLICATE_METHOD_MATCH = YES;
				CODE_SIGN_IDENTITY = "iPhone Developer";
				COPY_PHASE_STRIP = NO;
				DEBUG_INFORMATION_FORMAT = "dwarf-with-dsym";
				ENABLE_NS_ASSERTIONS = NO;
				ENABLE_STRICT_OBJC_MSGSEND = YES;
				GCC_C_LANGUAGE_STANDARD = gnu11;
				GCC_NO_COMMON_BLOCKS = YES;
				GCC_WARN_64_TO_32_BIT_CONVERSION = YES;
				GCC_WARN_ABOUT_RETURN_TYPE = YES_ERROR;
				GCC_WARN_UNDECLARED_SELECTOR = YES;
				GCC_WARN_UNINITIALIZED_AUTOS = YES_AGGRESSIVE;
				GCC_WARN_UNUSED_FUNCTION = YES;
				GCC_WARN_UNUSED_VARIABLE = YES;
				IPHONEOS_DEPLOYMENT_TARGET = 11.4;
				MTL_ENABLE_DEBUG_INFO = NO;
				SDKROOT = iphoneos;
				SWIFT_COMPILATION_MODE = wholemodule;
				SWIFT_OPTIMIZATION_LEVEL = "-O";
				VALIDATE_PRODUCT = YES;
			};
			name = Release;
		};
		16428AD22143221C0077E416 /* Debug */ = {
			isa = XCBuildConfiguration;
			buildSettings = {
				ASSETCATALOG_COMPILER_APPICON_NAME = AppIcon;
				CODE_SIGN_STYLE = Automatic;
				INFOPLIST_FILE = "YakFishman-Lab1/Info.plist";
				LD_RUNPATH_SEARCH_PATHS = (
					"$(inherited)",
					"@executable_path/Frameworks",
				);
				PRODUCT_BUNDLE_IDENTIFIER = "com.YFApps.YakFishman-Lab1";
				PRODUCT_NAME = "$(TARGET_NAME)";
				SWIFT_VERSION = 4.0;
				TARGETED_DEVICE_FAMILY = "1,2";
			};
			name = Debug;
		};
		16428AD32143221C0077E416 /* Release */ = {
			isa = XCBuildConfiguration;
			buildSettings = {
				ASSETCATALOG_COMPILER_APPICON_NAME = AppIcon;
				CODE_SIGN_STYLE = Automatic;
				INFOPLIST_FILE = "YakFishman-Lab1/Info.plist";
				LD_RUNPATH_SEARCH_PATHS = (
					"$(inherited)",
					"@executable_path/Frameworks",
				);
				PRODUCT_BUNDLE_IDENTIFIER = "com.YFApps.YakFishman-Lab1";
				PRODUCT_NAME = "$(TARGET_NAME)";
				SWIFT_VERSION = 4.0;
				TARGETED_DEVICE_FAMILY = "1,2";
			};
			name = Release;
		};
		16428AD52143221C0077E416 /* Debug */ = {
			isa = XCBuildConfiguration;
			buildSettings = {
				ALWAYS_EMBED_SWIFT_STANDARD_LIBRARIES = YES;
				BUNDLE_LOADER = "$(TEST_HOST)";
				CODE_SIGN_STYLE = Automatic;
				INFOPLIST_FILE = "YakFishman-Lab1Tests/Info.plist";
				LD_RUNPATH_SEARCH_PATHS = (
					"$(inherited)",
					"@executable_path/Frameworks",
					"@loader_path/Frameworks",
				);
				PRODUCT_BUNDLE_IDENTIFIER = "com.YFApps.YakFishman-Lab1Tests";
				PRODUCT_NAME = "$(TARGET_NAME)";
				SWIFT_VERSION = 4.0;
				TARGETED_DEVICE_FAMILY = "1,2";
				TEST_HOST = "$(BUILT_PRODUCTS_DIR)/YakFishman-Lab1.app/YakFishman-Lab1";
			};
			name = Debug;
		};
		16428AD62143221C0077E416 /* Release */ = {
			isa = XCBuildConfiguration;
			buildSettings = {
				ALWAYS_EMBED_SWIFT_STANDARD_LIBRARIES = YES;
				BUNDLE_LOADER = "$(TEST_HOST)";
				CODE_SIGN_STYLE = Automatic;
				INFOPLIST_FILE = "YakFishman-Lab1Tests/Info.plist";
				LD_RUNPATH_SEARCH_PATHS = (
					"$(inherited)",
					"@executable_path/Frameworks",
					"@loader_path/Frameworks",
				);
				PRODUCT_BUNDLE_IDENTIFIER = "com.YFApps.YakFishman-Lab1Tests";
				PRODUCT_NAME = "$(TARGET_NAME)";
				SWIFT_VERSION = 4.0;
				TARGETED_DEVICE_FAMILY = "1,2";
				TEST_HOST = "$(BUILT_PRODUCTS_DIR)/YakFishman-Lab1.app/YakFishman-Lab1";
			};
			name = Release;
		};
		16428AD82143221C0077E416 /* Debug */ = {
			isa = XCBuildConfiguration;
			buildSettings = {
				ALWAYS_EMBED_SWIFT_STANDARD_LIBRARIES = YES;
				CODE_SIGN_STYLE = Automatic;
				INFOPLIST_FILE = "YakFishman-Lab1UITests/Info.plist";
				LD_RUNPATH_SEARCH_PATHS = (
					"$(inherited)",
					"@executable_path/Frameworks",
					"@loader_path/Frameworks",
				);
				PRODUCT_BUNDLE_IDENTIFIER = "com.YFApps.YakFishman-Lab1UITests";
				PRODUCT_NAME = "$(TARGET_NAME)";
				SWIFT_VERSION = 4.0;
				TARGETED_DEVICE_FAMILY = "1,2";
				TEST_TARGET_NAME = "YakFishman-Lab1";
			};
			name = Debug;
		};
		16428AD92143221C0077E416 /* Release */ = {
			isa = XCBuildConfiguration;
			buildSettings = {
				ALWAYS_EMBED_SWIFT_STANDARD_LIBRARIES = YES;
				CODE_SIGN_STYLE = Automatic;
				INFOPLIST_FILE = "YakFishman-Lab1UITests/Info.plist";
				LD_RUNPATH_SEARCH_PATHS = (
					"$(inherited)",
					"@executable_path/Frameworks",
					"@loader_path/Frameworks",
				);
				PRODUCT_BUNDLE_IDENTIFIER = "com.YFApps.YakFishman-Lab1UITests";
				PRODUCT_NAME = "$(TARGET_NAME)";
				SWIFT_VERSION = 4.0;
				TARGETED_DEVICE_FAMILY = "1,2";
				TEST_TARGET_NAME = "YakFishman-Lab1";
			};
			name = Release;
		};
/* End XCBuildConfiguration section */

/* Begin XCConfigurationList section */
		16428AA42143221B0077E416 /* Build configuration list for PBXProject "YakFishman-Lab1" */ = {
			isa = XCConfigurationList;
			buildConfigurations = (
				16428ACF2143221C0077E416 /* Debug */,
				16428AD02143221C0077E416 /* Release */,
			);
			defaultConfigurationIsVisible = 0;
			defaultConfigurationName = Release;
		};
		16428AD12143221C0077E416 /* Build configuration list for PBXNativeTarget "YakFishman-Lab1" */ = {
			isa = XCConfigurationList;
			buildConfigurations = (
				16428AD22143221C0077E416 /* Debug */,
				16428AD32143221C0077E416 /* Release */,
			);
			defaultConfigurationIsVisible = 0;
			defaultConfigurationName = Release;
		};
		16428AD42143221C0077E416 /* Build configuration list for PBXNativeTarget "YakFishman-Lab1Tests" */ = {
			isa = XCConfigurationList;
			buildConfigurations = (
				16428AD52143221C0077E416 /* Debug */,
				16428AD62143221C0077E416 /* Release */,
			);
			defaultConfigurationIsVisible = 0;
			defaultConfigurationName = Release;
		};
		16428AD72143221C0077E416 /* Build configuration list for PBXNativeTarget "YakFishman-Lab1UITests" */ = {
			isa = XCConfigurationList;
			buildConfigurations = (
				16428AD82143221C0077E416 /* Debug */,
				16428AD92143221C0077E416 /* Release */,
			);
			defaultConfigurationIsVisible = 0;
			defaultConfigurationName = Release;
		};
/* End XCConfigurationList section */
	};
	rootObject = 16428AA12143221B0077E416 /* Project object */;
}
